
Microsoft Visual Studio Solution File, Format Version 12.00
# Visual Studio Version 16
VisualStudioVersion = 16.0.30011.22
MinimumVisualStudioVersion = 10.0.40219.1
Project("{FAE04EC0-301F-11D3-BF4B-00C04F79EFBC}") = "APIGateway", "APIGateway\APIGateway.csproj", "{105CF415-CAAF-41F3-99B5-A7159E196121}"
EndProject
Global
	GlobalSection(SolutionConfigurationPlatforms) = preSolution
		Debug|Any CPU = Debug|Any CPU
		Release|Any CPU = Release|Any CPU
	EndGlobalSection
	GlobalSection(ProjectConfigurationPlatforms) = postSolution
		{105CF415-CAAF-41F3-99B5-A7159E196121}.Debug|Any CPU.ActiveCfg = Debug|Any CPU
		{105CF415-CAAF-41F3-99B5-A7159E196121}.Debug|Any CPU.Build.0 = Debug|Any CPU
		{105CF415-CAAF-41F3-99B5-A7159E196121}.Release|Any CPU.ActiveCfg = Release|Any CPU
		{105CF415-CAAF-41F3-99B5-A7159E196121}.Release|Any CPU.Build.0 = Release|Any CPU
	EndGlobalSection
	GlobalSection(SolutionProperties) = preSolution
		HideSolutionNode = FALSE
	EndGlobalSection
	GlobalSection(ExtensibilityGlobals) = postSolution
		SolutionGuid = {391DF40A-091A-4A7B-B2E1-D30B80298C14}
	EndGlobalSection
EndGlobal
